
Microsoft Visual Studio Solution File, Format Version 12.00
# Visual Studio Version 16
VisualStudioVersion = 16.0.29102.190
MinimumVisualStudioVersion = 10.0.40219.1
Project("{FAE04EC0-301F-11D3-BF4B-00C04F79EFBC}") = "Aperture.UWP", "Aperture\Aperture.UWP\Aperture.UWP.csproj", "{C45AEBE0-0673-48C9-8EDA-9D4C38C3217D}"
EndProject
Project("{FAE04EC0-301F-11D3-BF4B-00C04F79EFBC}") = "Aperture.Android", "Aperture\Aperture.Android\Aperture.Android.csproj", "{14884044-F3D6-4731-9C37-A1821596456B}"
EndProject
Project("{FAE04EC0-301F-11D3-BF4B-00C04F79EFBC}") = "Aperture.iOS", "Aperture\Aperture.iOS\Aperture.iOS.csproj", "{0F9DDABD-D696-48FC-B6CD-92D8FCFAECCC}"
EndProject
Project("{9A19103F-16F7-4668-BE54-9A1E7A4F7556}") = "Aperture", "Aperture\Aperture\Aperture.csproj", "{F56D2D39-0A72-43C4-A311-2DB440B05BB8}"
EndProject
Project("{FAE04EC0-301F-11D3-BF4B-00C04F79EFBC}") = "ApertureView", "lib\ApertureView\ApertureView.csproj", "{9C87E5FC-FC39-4FD7-BB9F-FD594BB06F43}"
EndProject
Project("{2150E333-8FDC-42A3-9474-1A3956D46DE8}") = "lib", "lib", "{BA84733D-0655-4631-9670-49C50821DCC0}"
EndProject
Global
	GlobalSection(SolutionConfigurationPlatforms) = preSolution
		Debug|Any CPU = Debug|Any CPU
		Debug|ARM = Debug|ARM
		Debug|iPhone = Debug|iPhone
		Debug|iPhoneSimulator = Debug|iPhoneSimulator
		Debug|x64 = Debug|x64
		Debug|x86 = Debug|x86
		Release|Any CPU = Release|Any CPU
		Release|ARM = Release|ARM
		Release|iPhone = Release|iPhone
		Release|iPhoneSimulator = Release|iPhoneSimulator
		Release|x64 = Release|x64
		Release|x86 = Release|x86
	EndGlobalSection
	GlobalSection(ProjectConfigurationPlatforms) = postSolution
		{C45AEBE0-0673-48C9-8EDA-9D4C38C3217D}.Debug|Any CPU.ActiveCfg = Debug|x86
		{C45AEBE0-0673-48C9-8EDA-9D4C38C3217D}.Debug|Any CPU.Build.0 = Debug|x86
		{C45AEBE0-0673-48C9-8EDA-9D4C38C3217D}.Debug|Any CPU.Deploy.0 = Debug|x86
		{C45AEBE0-0673-48C9-8EDA-9D4C38C3217D}.Debug|ARM.ActiveCfg = Debug|ARM
		{C45AEBE0-0673-48C9-8EDA-9D4C38C3217D}.Debug|ARM.Build.0 = Debug|ARM
		{C45AEBE0-0673-48C9-8EDA-9D4C38C3217D}.Debug|ARM.Deploy.0 = Debug|ARM
		{C45AEBE0-0673-48C9-8EDA-9D4C38C3217D}.Debug|iPhone.ActiveCfg = Debug|x86
		{C45AEBE0-0673-48C9-8EDA-9D4C38C3217D}.Debug|iPhone.Build.0 = Debug|x86
		{C45AEBE0-0673-48C9-8EDA-9D4C38C3217D}.Debug|iPhone.Deploy.0 = Debug|x86
		{C45AEBE0-0673-48C9-8EDA-9D4C38C3217D}.Debug|iPhoneSimulator.ActiveCfg = Debug|x86
		{C45AEBE0-0673-48C9-8EDA-9D4C38C3217D}.Debug|iPhoneSimulator.Build.0 = Debug|x86
		{C45AEBE0-0673-48C9-8EDA-9D4C38C3217D}.Debug|iPhoneSimulator.Deploy.0 = Debug|x86
		{C45AEBE0-0673-48C9-8EDA-9D4C38C3217D}.Debug|x64.ActiveCfg = Debug|x64
		{C45AEBE0-0673-48C9-8EDA-9D4C38C3217D}.Debug|x64.Build.0 = Debug|x64
		{C45AEBE0-0673-48C9-8EDA-9D4C38C3217D}.Debug|x64.Deploy.0 = Debug|x64
		{C45AEBE0-0673-48C9-8EDA-9D4C38C3217D}.Debug|x86.ActiveCfg = Debug|x86
		{C45AEBE0-0673-48C9-8EDA-9D4C38C3217D}.Debug|x86.Build.0 = Debug|x86
		{C45AEBE0-0673-48C9-8EDA-9D4C38C3217D}.Debug|x86.Deploy.0 = Debug|x86
		{C45AEBE0-0673-48C9-8EDA-9D4C38C3217D}.Release|Any CPU.ActiveCfg = Release|x86
		{C45AEBE0-0673-48C9-8EDA-9D4C38C3217D}.Release|Any CPU.Build.0 = Release|x86
		{C45AEBE0-0673-48C9-8EDA-9D4C38C3217D}.Release|Any CPU.Deploy.0 = Release|x86
		{C45AEBE0-0673-48C9-8EDA-9D4C38C3217D}.Release|ARM.ActiveCfg = Release|ARM
		{C45AEBE0-0673-48C9-8EDA-9D4C38C3217D}.Release|ARM.Build.0 = Release|ARM
		{C45AEBE0-0673-48C9-8EDA-9D4C38C3217D}.Release|ARM.Deploy.0 = Release|ARM
		{C45AEBE0-0673-48C9-8EDA-9D4C38C3217D}.Release|iPhone.ActiveCfg = Release|x86
		{C45AEBE0-0673-48C9-8EDA-9D4C38C3217D}.Release|iPhone.Build.0 = Release|x86
		{C45AEBE0-0673-48C9-8EDA-9D4C38C3217D}.Release|iPhone.Deploy.0 = Release|x86
		{C45AEBE0-0673-48C9-8EDA-9D4C38C3217D}.Release|iPhoneSimulator.ActiveCfg = Release|x86
		{C45AEBE0-0673-48C9-8EDA-9D4C38C3217D}.Release|iPhoneSimulator.Build.0 = Release|x86
		{C45AEBE0-0673-48C9-8EDA-9D4C38C3217D}.Release|iPhoneSimulator.Deploy.0 = Release|x86
		{C45AEBE0-0673-48C9-8EDA-9D4C38C3217D}.Release|x64.ActiveCfg = Release|x64
		{C45AEBE0-0673-48C9-8EDA-9D4C38C3217D}.Release|x64.Build.0 = Release|x64
		{C45AEBE0-0673-48C9-8EDA-9D4C38C3217D}.Release|x64.Deploy.0 = Release|x64
		{C45AEBE0-0673-48C9-8EDA-9D4C38C3217D}.Release|x86.ActiveCfg = Release|x86
		{C45AEBE0-0673-48C9-8EDA-9D4C38C3217D}.Release|x86.Build.0 = Release|x86
		{C45AEBE0-0673-48C9-8EDA-9D4C38C3217D}.Release|x86.Deploy.0 = Release|x86
		{14884044-F3D6-4731-9C37-A1821596456B}.Debug|Any CPU.ActiveCfg = Debug|Any CPU
		{14884044-F3D6-4731-9C37-A1821596456B}.Debug|Any CPU.Build.0 = Debug|Any CPU
		{14884044-F3D6-4731-9C37-A1821596456B}.Debug|Any CPU.Deploy.0 = Debug|Any CPU
		{14884044-F3D6-4731-9C37-A1821596456B}.Debug|ARM.ActiveCfg = Debug|Any CPU
		{14884044-F3D6-4731-9C37-A1821596456B}.Debug|ARM.Build.0 = Debug|Any CPU
		{14884044-F3D6-4731-9C37-A1821596456B}.Debug|ARM.Deploy.0 = Debug|Any CPU
		{14884044-F3D6-4731-9C37-A1821596456B}.Debug|iPhone.ActiveCfg = Debug|Any CPU
		{14884044-F3D6-4731-9C37-A1821596456B}.Debug|iPhone.Build.0 = Debug|Any CPU
		{14884044-F3D6-4731-9C37-A1821596456B}.Debug|iPhone.Deploy.0 = Debug|Any CPU
		{14884044-F3D6-4731-9C37-A1821596456B}.Debug|iPhoneSimulator.ActiveCfg = Debug|Any CPU
		{14884044-F3D6-4731-9C37-A1821596456B}.Debug|iPhoneSimulator.Build.0 = Debug|Any CPU
		{14884044-F3D6-4731-9C37-A1821596456B}.Debug|iPhoneSimulator.Deploy.0 = Debug|Any CPU
		{14884044-F3D6-4731-9C37-A1821596456B}.Debug|x64.ActiveCfg = Debug|Any CPU
		{14884044-F3D6-4731-9C37-A1821596456B}.Debug|x64.Build.0 = Debug|Any CPU
		{14884044-F3D6-4731-9C37-A1821596456B}.Debug|x64.Deploy.0 = Debug|Any CPU
		{14884044-F3D6-4731-9C37-A1821596456B}.Debug|x86.ActiveCfg = Debug|Any CPU
		{14884044-F3D6-4731-9C37-A1821596456B}.Debug|x86.Build.0 = Debug|Any CPU
		{14884044-F3D6-4731-9C37-A1821596456B}.Debug|x86.Deploy.0 = Debug|Any CPU
		{14884044-F3D6-4731-9C37-A1821596456B}.Release|Any CPU.ActiveCfg = Release|Any CPU
		{14884044-F3D6-4731-9C37-A1821596456B}.Release|Any CPU.Build.0 = Release|Any CPU
		{14884044-F3D6-4731-9C37-A1821596456B}.Release|Any CPU.Deploy.0 = Release|Any CPU
		{14884044-F3D6-4731-9C37-A1821596456B}.Release|ARM.ActiveCfg = Release|Any CPU
		{14884044-F3D6-4731-9C37-A1821596456B}.Release|ARM.Build.0 = Release|Any CPU
		{14884044-F3D6-4731-9C37-A1821596456B}.Release|ARM.Deploy.0 = Release|Any CPU
		{14884044-F3D6-4731-9C37-A1821596456B}.Release|iPhone.ActiveCfg = Release|Any CPU
		{14884044-F3D6-4731-9C37-A1821596456B}.Release|iPhone.Build.0 = Release|Any CPU
		{14884044-F3D6-4731-9C37-A1821596456B}.Release|iPhone.Deploy.0 = Release|Any CPU
		{14884044-F3D6-4731-9C37-A1821596456B}.Release|iPhoneSimulator.ActiveCfg = Release|Any CPU
		{14884044-F3D6-4731-9C37-A1821596456B}.Release|iPhoneSimulator.Build.0 = Release|Any CPU
		{14884044-F3D6-4731-9C37-A1821596456B}.Release|iPhoneSimulator.Deploy.0 = Release|Any CPU
		{14884044-F3D6-4731-9C37-A1821596456B}.Release|x64.ActiveCfg = Release|Any CPU
		{14884044-F3D6-4731-9C37-A1821596456B}.Release|x64.Build.0 = Release|Any CPU
		{14884044-F3D6-4731-9C37-A1821596456B}.Release|x64.Deploy.0 = Release|Any CPU
		{14884044-F3D6-4731-9C37-A1821596456B}.Release|x86.ActiveCfg = Release|Any CPU
		{14884044-F3D6-4731-9C37-A1821596456B}.Release|x86.Build.0 = Release|Any CPU
		{14884044-F3D6-4731-9C37-A1821596456B}.Release|x86.Deploy.0 = Release|Any CPU
		{0F9DDABD-D696-48FC-B6CD-92D8FCFAECCC}.Debug|Any CPU.ActiveCfg = Debug|iPhone
		{0F9DDABD-D696-48FC-B6CD-92D8FCFAECCC}.Debug|Any CPU.Build.0 = Debug|iPhone
		{0F9DDABD-D696-48FC-B6CD-92D8FCFAECCC}.Debug|Any CPU.Deploy.0 = Debug|iPhone
		{0F9DDABD-D696-48FC-B6CD-92D8FCFAECCC}.Debug|ARM.ActiveCfg = Debug|iPhoneSimulator
		{0F9DDABD-D696-48FC-B6CD-92D8FCFAECCC}.Debug|ARM.Build.0 = Debug|iPhoneSimulator
		{0F9DDABD-D696-48FC-B6CD-92D8FCFAECCC}.Debug|ARM.Deploy.0 = Debug|iPhoneSimulator
		{0F9DDABD-D696-48FC-B6CD-92D8FCFAECCC}.Debug|iPhone.ActiveCfg = Debug|iPhone
		{0F9DDABD-D696-48FC-B6CD-92D8FCFAECCC}.Debug|iPhone.Build.0 = Debug|iPhone
		{0F9DDABD-D696-48FC-B6CD-92D8FCFAECCC}.Debug|iPhone.Deploy.0 = Debug|iPhone
		{0F9DDABD-D696-48FC-B6CD-92D8FCFAECCC}.Debug|iPhoneSimulator.ActiveCfg = Debug|iPhoneSimulator
		{0F9DDABD-D696-48FC-B6CD-92D8FCFAECCC}.Debug|iPhoneSimulator.Build.0 = Debug|iPhoneSimulator
		{0F9DDABD-D696-48FC-B6CD-92D8FCFAECCC}.Debug|iPhoneSimulator.Deploy.0 = Debug|iPhoneSimulator
		{0F9DDABD-D696-48FC-B6CD-92D8FCFAECCC}.Debug|x64.ActiveCfg = Debug|iPhone
		{0F9DDABD-D696-48FC-B6CD-92D8FCFAECCC}.Debug|x64.Build.0 = Debug|iPhone
		{0F9DDABD-D696-48FC-B6CD-92D8FCFAECCC}.Debug|x64.Deploy.0 = Debug|iPhone
		{0F9DDABD-D696-48FC-B6CD-92D8FCFAECCC}.Debug|x86.ActiveCfg = Debug|iPhone
		{0F9DDABD-D696-48FC-B6CD-92D8FCFAECCC}.Debug|x86.Build.0 = Debug|iPhone
		{0F9DDABD-D696-48FC-B6CD-92D8FCFAECCC}.Debug|x86.Deploy.0 = Debug|iPhone
		{0F9DDABD-D696-48FC-B6CD-92D8FCFAECCC}.Release|Any CPU.ActiveCfg = Release|iPhone
		{0F9DDABD-D696-48FC-B6CD-92D8FCFAECCC}.Release|Any CPU.Build.0 = Release|iPhone
		{0F9DDABD-D696-48FC-B6CD-92D8FCFAECCC}.Release|Any CPU.Deploy.0 = Release|iPhone
		{0F9DDABD-D696-48FC-B6CD-92D8FCFAECCC}.Release|ARM.ActiveCfg = Release|iPhone
		{0F9DDABD-D696-48FC-B6CD-92D8FCFAECCC}.Release|ARM.Build.0 = Release|iPhone
		{0F9DDABD-D696-48FC-B6CD-92D8FCFAECCC}.Release|ARM.Deploy.0 = Release|iPhone
		{0F9DDABD-D696-48FC-B6CD-92D8FCFAECCC}.Release|iPhone.ActiveCfg = Release|iPhone
		{0F9DDABD-D696-48FC-B6CD-92D8FCFAECCC}.Release|iPhone.Build.0 = Release|iPhone
		{0F9DDABD-D696-48FC-B6CD-92D8FCFAECCC}.Release|iPhone.Deploy.0 = Release|iPhone
		{0F9DDABD-D696-48FC-B6CD-92D8FCFAECCC}.Release|iPhoneSimulator.ActiveCfg = Release|iPhoneSimulator
		{0F9DDABD-D696-48FC-B6CD-92D8FCFAECCC}.Release|iPhoneSimulator.Build.0 = Release|iPhoneSimulator
		{0F9DDABD-D696-48FC-B6CD-92D8FCFAECCC}.Release|iPhoneSimulator.Deploy.0 = Release|iPhoneSimulator
		{0F9DDABD-D696-48FC-B6CD-92D8FCFAECCC}.Release|x64.ActiveCfg = Release|iPhone
		{0F9DDABD-D696-48FC-B6CD-92D8FCFAECCC}.Release|x64.Build.0 = Release|iPhone
		{0F9DDABD-D696-48FC-B6CD-92D8FCFAECCC}.Release|x64.Deploy.0 = Release|iPhone
		{0F9DDABD-D696-48FC-B6CD-92D8FCFAECCC}.Release|x86.ActiveCfg = Release|iPhone
		{0F9DDABD-D696-48FC-B6CD-92D8FCFAECCC}.Release|x86.Build.0 = Release|iPhone
		{0F9DDABD-D696-48FC-B6CD-92D8FCFAECCC}.Release|x86.Deploy.0 = Release|iPhone
		{F56D2D39-0A72-43C4-A311-2DB440B05BB8}.Debug|Any CPU.ActiveCfg = Debug|Any CPU
		{F56D2D39-0A72-43C4-A311-2DB440B05BB8}.Debug|Any CPU.Build.0 = Debug|Any CPU
		{F56D2D39-0A72-43C4-A311-2DB440B05BB8}.Debug|Any CPU.Deploy.0 = Debug|Any CPU
		{F56D2D39-0A72-43C4-A311-2DB440B05BB8}.Debug|ARM.ActiveCfg = Debug|Any CPU
		{F56D2D39-0A72-43C4-A311-2DB440B05BB8}.Debug|ARM.Build.0 = Debug|Any CPU
		{F56D2D39-0A72-43C4-A311-2DB440B05BB8}.Debug|ARM.Deploy.0 = Debug|Any CPU
		{F56D2D39-0A72-43C4-A311-2DB440B05BB8}.Debug|iPhone.ActiveCfg = Debug|Any CPU
		{F56D2D39-0A72-43C4-A311-2DB440B05BB8}.Debug|iPhone.Build.0 = Debug|Any CPU
		{F56D2D39-0A72-43C4-A311-2DB440B05BB8}.Debug|iPhone.Deploy.0 = Debug|Any CPU
		{F56D2D39-0A72-43C4-A311-2DB440B05BB8}.Debug|iPhoneSimulator.ActiveCfg = Debug|Any CPU
		{F56D2D39-0A72-43C4-A311-2DB440B05BB8}.Debug|iPhoneSimulator.Build.0 = Debug|Any CPU
		{F56D2D39-0A72-43C4-A311-2DB440B05BB8}.Debug|iPhoneSimulator.Deploy.0 = Debug|Any CPU
		{F56D2D39-0A72-43C4-A311-2DB440B05BB8}.Debug|x64.ActiveCfg = Debug|Any CPU
		{F56D2D39-0A72-43C4-A311-2DB440B05BB8}.Debug|x64.Build.0 = Debug|Any CPU
		{F56D2D39-0A72-43C4-A311-2DB440B05BB8}.Debug|x64.Deploy.0 = Debug|Any CPU
		{F56D2D39-0A72-43C4-A311-2DB440B05BB8}.Debug|x86.ActiveCfg = Debug|Any CPU
		{F56D2D39-0A72-43C4-A311-2DB440B05BB8}.Debug|x86.Build.0 = Debug|Any CPU
		{F56D2D39-0A72-43C4-A311-2DB440B05BB8}.Debug|x86.Deploy.0 = Debug|Any CPU
		{F56D2D39-0A72-43C4-A311-2DB440B05BB8}.Release|Any CPU.ActiveCfg = Release|Any CPU
		{F56D2D39-0A72-43C4-A311-2DB440B05BB8}.Release|Any CPU.Build.0 = Release|Any CPU
		{F56D2D39-0A72-43C4-A311-2DB440B05BB8}.Release|Any CPU.Deploy.0 = Release|Any CPU
		{F56D2D39-0A72-43C4-A311-2DB440B05BB8}.Release|ARM.ActiveCfg = Release|Any CPU
		{F56D2D39-0A72-43C4-A311-2DB440B05BB8}.Release|ARM.Build.0 = Release|Any CPU
		{F56D2D39-0A72-43C4-A311-2DB440B05BB8}.Release|ARM.Deploy.0 = Release|Any CPU
		{F56D2D39-0A72-43C4-A311-2DB440B05BB8}.Release|iPhone.ActiveCfg = Release|Any CPU
		{F56D2D39-0A72-43C4-A311-2DB440B05BB8}.Release|iPhone.Build.0 = Release|Any CPU
		{F56D2D39-0A72-43C4-A311-2DB440B05BB8}.Release|iPhone.Deploy.0 = Release|Any CPU
		{F56D2D39-0A72-43C4-A311-2DB440B05BB8}.Release|iPhoneSimulator.ActiveCfg = Release|Any CPU
		{F56D2D39-0A72-43C4-A311-2DB440B05BB8}.Release|iPhoneSimulator.Build.0 = Release|Any CPU
		{F56D2D39-0A72-43C4-A311-2DB440B05BB8}.Release|iPhoneSimulator.Deploy.0 = Release|Any CPU
		{F56D2D39-0A72-43C4-A311-2DB440B05BB8}.Release|x64.ActiveCfg = Release|Any CPU
		{F56D2D39-0A72-43C4-A311-2DB440B05BB8}.Release|x64.Build.0 = Release|Any CPU
		{F56D2D39-0A72-43C4-A311-2DB440B05BB8}.Release|x64.Deploy.0 = Release|Any CPU
		{F56D2D39-0A72-43C4-A311-2DB440B05BB8}.Release|x86.ActiveCfg = Release|Any CPU
		{F56D2D39-0A72-43C4-A311-2DB440B05BB8}.Release|x86.Build.0 = Release|Any CPU
		{F56D2D39-0A72-43C4-A311-2DB440B05BB8}.Release|x86.Deploy.0 = Release|Any CPU
		{9C87E5FC-FC39-4FD7-BB9F-FD594BB06F43}.Debug|Any CPU.ActiveCfg = Debug|Any CPU
		{9C87E5FC-FC39-4FD7-BB9F-FD594BB06F43}.Debug|Any CPU.Build.0 = Debug|Any CPU
		{9C87E5FC-FC39-4FD7-BB9F-FD594BB06F43}.Debug|ARM.ActiveCfg = Debug|Any CPU
		{9C87E5FC-FC39-4FD7-BB9F-FD594BB06F43}.Debug|ARM.Build.0 = Debug|Any CPU
		{9C87E5FC-FC39-4FD7-BB9F-FD594BB06F43}.Debug|iPhone.ActiveCfg = Debug|Any CPU
		{9C87E5FC-FC39-4FD7-BB9F-FD594BB06F43}.Debug|iPhone.Build.0 = Debug|Any CPU
		{9C87E5FC-FC39-4FD7-BB9F-FD594BB06F43}.Debug|iPhoneSimulator.ActiveCfg = Debug|Any CPU
		{9C87E5FC-FC39-4FD7-BB9F-FD594BB06F43}.Debug|iPhoneSimulator.Build.0 = Debug|Any CPU
		{9C87E5FC-FC39-4FD7-BB9F-FD594BB06F43}.Debug|x64.ActiveCfg = Debug|Any CPU
		{9C87E5FC-FC39-4FD7-BB9F-FD594BB06F43}.Debug|x64.Build.0 = Debug|Any CPU
		{9C87E5FC-FC39-4FD7-BB9F-FD594BB06F43}.Debug|x86.ActiveCfg = Debug|Any CPU
		{9C87E5FC-FC39-4FD7-BB9F-FD594BB06F43}.Debug|x86.Build.0 = Debug|Any CPU
		{9C87E5FC-FC39-4FD7-BB9F-FD594BB06F43}.Release|Any CPU.ActiveCfg = Release|Any CPU
		{9C87E5FC-FC39-4FD7-BB9F-FD594BB06F43}.Release|Any CPU.Build.0 = Release|Any CPU
		{9C87E5FC-FC39-4FD7-BB9F-FD594BB06F43}.Release|ARM.ActiveCfg = Release|Any CPU
		{9C87E5FC-FC39-4FD7-BB9F-FD594BB06F43}.Release|ARM.Build.0 = Release|Any CPU
		{9C87E5FC-FC39-4FD7-BB9F-FD594BB06F43}.Release|iPhone.ActiveCfg = Release|Any CPU
		{9C87E5FC-FC39-4FD7-BB9F-FD594BB06F43}.Release|iPhone.Build.0 = Release|Any CPU
		{9C87E5FC-FC39-4FD7-BB9F-FD594BB06F43}.Release|iPhoneSimulator.ActiveCfg = Release|Any CPU
		{9C87E5FC-FC39-4FD7-BB9F-FD594BB06F43}.Release|iPhoneSimulator.Build.0 = Release|Any CPU
		{9C87E5FC-FC39-4FD7-BB9F-FD594BB06F43}.Release|x64.ActiveCfg = Release|Any CPU
		{9C87E5FC-FC39-4FD7-BB9F-FD594BB06F43}.Release|x64.Build.0 = Release|Any CPU
		{9C87E5FC-FC39-4FD7-BB9F-FD594BB06F43}.Release|x86.ActiveCfg = Release|Any CPU
		{9C87E5FC-FC39-4FD7-BB9F-FD594BB06F43}.Release|x86.Build.0 = Release|Any CPU
	EndGlobalSection
	GlobalSection(SolutionProperties) = preSolution
		HideSolutionNode = FALSE
	EndGlobalSection
	GlobalSection(NestedProjects) = preSolution
		{9C87E5FC-FC39-4FD7-BB9F-FD594BB06F43} = {BA84733D-0655-4631-9670-49C50821DCC0}
	EndGlobalSection
	GlobalSection(ExtensibilityGlobals) = postSolution
		SolutionGuid = {0EF1B753-7372-4D15-9DA7-32C07B23D719}
	EndGlobalSection
EndGlobal
